
Microsoft Visual Studio Solution File, Format Version 12.00
# Visual Studio 15
VisualStudioVersion = 15.0.26430.15
MinimumVisualStudioVersion = 10.0.40219.1
Project("{FAE04EC0-301F-11D3-BF4B-00C04F79EFBC}") = "TaskManager", "TaskManager\TaskManager.csproj", "{8730822B-123C-4E2D-AEA9-14D4B13119B0}"
EndProject
Project("{FAE04EC0-301F-11D3-BF4B-00C04F79EFBC}") = "DataAccess", "DataAccess\DataAccess.csproj", "{050BBB41-25B0-4411-B4C7-B8271D519E0C}"
EndProject
Global
	GlobalSection(SolutionConfigurationPlatforms) = preSolution
		Debug|Any CPU = Debug|Any CPU
		Release|Any CPU = Release|Any CPU
	EndGlobalSection
	GlobalSection(ProjectConfigurationPlatforms) = postSolution
		{8730822B-123C-4E2D-AEA9-14D4B13119B0}.Debug|Any CPU.ActiveCfg = Debug|Any CPU
		{8730822B-123C-4E2D-AEA9-14D4B13119B0}.Debug|Any CPU.Build.0 = Debug|Any CPU
		{8730822B-123C-4E2D-AEA9-14D4B13119B0}.Release|Any CPU.ActiveCfg = Release|Any CPU
		{8730822B-123C-4E2D-AEA9-14D4B13119B0}.Release|Any CPU.Build.0 = Release|Any CPU
		{050BBB41-25B0-4411-B4C7-B8271D519E0C}.Debug|Any CPU.ActiveCfg = Debug|Any CPU
		{050BBB41-25B0-4411-B4C7-B8271D519E0C}.Debug|Any CPU.Build.0 = Debug|Any CPU
		{050BBB41-25B0-4411-B4C7-B8271D519E0C}.Release|Any CPU.ActiveCfg = Release|Any CPU
		{050BBB41-25B0-4411-B4C7-B8271D519E0C}.Release|Any CPU.Build.0 = Release|Any CPU
	EndGlobalSection
	GlobalSection(SolutionProperties) = preSolution
		HideSolutionNode = FALSE
	EndGlobalSection
EndGlobal
